
Microsoft Visual Studio Solution File, Format Version 12.00
# Visual Studio Version 17
VisualStudioVersion = 17.13.35919.96 d17.13
MinimumVisualStudioVersion = 10.0.40219.1
Project("{FAE04EC0-301F-11D3-BF4B-00C04F79EFBC}") = "Aniki", "Aniki.csproj", "{474854E2-9CFB-49A9-9047-C370038F61A2}"
EndProject
Global
	GlobalSection(SolutionConfigurationPlatforms) = preSolution
		Debug|Any CPU = Debug|Any CPU
		Release|Any CPU = Release|Any CPU
	EndGlobalSection
	GlobalSection(ProjectConfigurationPlatforms) = postSolution
		{474854E2-9CFB-49A9-9047-C370038F61A2}.Debug|Any CPU.ActiveCfg = Debug|Any CPU
		{474854E2-9CFB-49A9-9047-C370038F61A2}.Debug|Any CPU.Build.0 = Debug|Any CPU
		{474854E2-9CFB-49A9-9047-C370038F61A2}.Release|Any CPU.ActiveCfg = Release|Any CPU
		{474854E2-9CFB-49A9-9047-C370038F61A2}.Release|Any CPU.Build.0 = Release|Any CPU
	EndGlobalSection
	GlobalSection(SolutionProperties) = preSolution
		HideSolutionNode = FALSE
	EndGlobalSection
	GlobalSection(ExtensibilityGlobals) = postSolution
		SolutionGuid = {5262B123-8665-4DC9-AA8D-5112F7FF59A7}
	EndGlobalSection
EndGlobal
